
Microsoft Visual Studio Solution File, Format Version 12.00
# Visual Studio Version 16
VisualStudioVersion = 16.0.30711.63
MinimumVisualStudioVersion = 10.0.40219.1
Project("{FAE04EC0-301F-11D3-BF4B-00C04F79EFBC}") = "SpaceXAPI", "SpaceXAPI\SpaceXAPI.csproj", "{AEC9B735-75C7-46A4-8328-68839C12A0FD}"
EndProject
Global
	GlobalSection(SolutionConfigurationPlatforms) = preSolution
		Debug|Any CPU = Debug|Any CPU
		Release|Any CPU = Release|Any CPU
	EndGlobalSection
	GlobalSection(ProjectConfigurationPlatforms) = postSolution
		{AEC9B735-75C7-46A4-8328-68839C12A0FD}.Debug|Any CPU.ActiveCfg = Debug|Any CPU
		{AEC9B735-75C7-46A4-8328-68839C12A0FD}.Debug|Any CPU.Build.0 = Debug|Any CPU
		{AEC9B735-75C7-46A4-8328-68839C12A0FD}.Release|Any CPU.ActiveCfg = Release|Any CPU
		{AEC9B735-75C7-46A4-8328-68839C12A0FD}.Release|Any CPU.Build.0 = Release|Any CPU
	EndGlobalSection
	GlobalSection(SolutionProperties) = preSolution
		HideSolutionNode = FALSE
	EndGlobalSection
	GlobalSection(ExtensibilityGlobals) = postSolution
		SolutionGuid = {98493183-5219-4F4A-B670-CD176AE5D52F}
	EndGlobalSection
EndGlobal
